
Microsoft Visual Studio Solution File, Format Version 12.00
# Visual Studio Version 16
VisualStudioVersion = 16.0.32126.315
MinimumVisualStudioVersion = 10.0.40219.1
Project("{FAE04EC0-301F-11D3-BF4B-00C04F79EFBC}") = "Simulator", "Simulator\Simulator.csproj", "{F78946B8-5DE9-4FFD-BDBC-23D64BC62820}"
EndProject
Global
	GlobalSection(SolutionConfigurationPlatforms) = preSolution
		Debug|Any CPU = Debug|Any CPU
		Release|Any CPU = Release|Any CPU
	EndGlobalSection
	GlobalSection(ProjectConfigurationPlatforms) = postSolution
		{F78946B8-5DE9-4FFD-BDBC-23D64BC62820}.Debug|Any CPU.ActiveCfg = Debug|Any CPU
		{F78946B8-5DE9-4FFD-BDBC-23D64BC62820}.Debug|Any CPU.Build.0 = Debug|Any CPU
		{F78946B8-5DE9-4FFD-BDBC-23D64BC62820}.Release|Any CPU.ActiveCfg = Release|Any CPU
		{F78946B8-5DE9-4FFD-BDBC-23D64BC62820}.Release|Any CPU.Build.0 = Release|Any CPU
	EndGlobalSection
	GlobalSection(SolutionProperties) = preSolution
		HideSolutionNode = FALSE
	EndGlobalSection
	GlobalSection(ExtensibilityGlobals) = postSolution
		SolutionGuid = {94AAC87D-D28C-435D-BE1F-7626B6912E23}
	EndGlobalSection
EndGlobal
